
Microsoft Visual Studio Solution File, Format Version 11.00
# Visual Studio 2010
Project("{159641D6-6404-4A2A-AE62-294DE0FE8301}") = "SSIS_Split_function_US_data_filtering", "SSIS_Split_function_US_data_filtering\SSIS_Split_function_US_data_filtering.dtproj", "{57C05952-6A9D-4E5A-B53C-43CC179D9B4C}"
EndProject
Global
	GlobalSection(SolutionConfigurationPlatforms) = preSolution
		Development|Default = Development|Default
	EndGlobalSection
	GlobalSection(ProjectConfigurationPlatforms) = postSolution
		{57C05952-6A9D-4E5A-B53C-43CC179D9B4C}.Development|Default.ActiveCfg = Development
		{57C05952-6A9D-4E5A-B53C-43CC179D9B4C}.Development|Default.Build.0 = Development
	EndGlobalSection
	GlobalSection(SolutionProperties) = preSolution
		HideSolutionNode = FALSE
	EndGlobalSection
EndGlobal
