
Microsoft Visual Studio Solution File, Format Version 11.00
# Visual Studio 2010
Project("{159641D6-6404-4A2A-AE62-294DE0FE8301}") = "SSIS_flat_file_to_SQL", "SSIS_flat_file_to_SQL\SSIS_flat_file_to_SQL.dtproj", "{7C72DE57-668B-4CBC-95C8-46F624B91240}"
EndProject
Global
	GlobalSection(SolutionConfigurationPlatforms) = preSolution
		Development|Default = Development|Default
	EndGlobalSection
	GlobalSection(ProjectConfigurationPlatforms) = postSolution
		{7C72DE57-668B-4CBC-95C8-46F624B91240}.Development|Default.ActiveCfg = Development
		{7C72DE57-668B-4CBC-95C8-46F624B91240}.Development|Default.Build.0 = Development
	EndGlobalSection
	GlobalSection(SolutionProperties) = preSolution
		HideSolutionNode = FALSE
	EndGlobalSection
EndGlobal
